
Microsoft Visual Studio Solution File, Format Version 12.00
# Visual Studio Version 17
VisualStudioVersion = 17.6.33829.357
MinimumVisualStudioVersion = 10.0.40219.1
Project("{9A19103F-16F7-4668-BE54-9A1E7A4F7556}") = "AutonomousCars.Api", "src\api\AutonomousCars.Api\AutonomousCars.Api.csproj", "{2D7C99D7-8E1A-4696-B52B-FB04DD5001F9}"
EndProject
Project("{9A19103F-16F7-4668-BE54-9A1E7A4F7556}") = "_build", "build\_build.csproj", "{212404B8-CD38-4088-A416-A5606521A6CA}"
EndProject
Global
	GlobalSection(SolutionConfigurationPlatforms) = preSolution
		Debug|Any CPU = Debug|Any CPU
		Release|Any CPU = Release|Any CPU
	EndGlobalSection
	GlobalSection(ProjectConfigurationPlatforms) = postSolution
		{212404B8-CD38-4088-A416-A5606521A6CA}.Debug|Any CPU.ActiveCfg = Debug|Any CPU
		{212404B8-CD38-4088-A416-A5606521A6CA}.Release|Any CPU.ActiveCfg = Release|Any CPU
		{2D7C99D7-8E1A-4696-B52B-FB04DD5001F9}.Debug|Any CPU.ActiveCfg = Debug|Any CPU
		{2D7C99D7-8E1A-4696-B52B-FB04DD5001F9}.Debug|Any CPU.Build.0 = Debug|Any CPU
		{2D7C99D7-8E1A-4696-B52B-FB04DD5001F9}.Release|Any CPU.ActiveCfg = Release|Any CPU
		{2D7C99D7-8E1A-4696-B52B-FB04DD5001F9}.Release|Any CPU.Build.0 = Release|Any CPU
	EndGlobalSection
	GlobalSection(SolutionProperties) = preSolution
		HideSolutionNode = FALSE
	EndGlobalSection
	GlobalSection(ExtensibilityGlobals) = postSolution
		SolutionGuid = {F11F7A8D-7E1C-438F-8E11-D694CC2AAC2D}
	EndGlobalSection
EndGlobal
