lockfileVersion: '6.0'

settings:
  autoInstallPeers: true
  excludeLinksFromLockfile: false

devDependencies:
  '@unocss/preset-web-fonts':
    specifier: ^0.57.3
    version: 0.57.3

packages:

  /@unocss/core@0.57.3:
    resolution: {integrity: sha512-o6snDo5vwAenIqA+wjjI6BUsftJXXSqrPHYqplb+QX5bLfxW/OU1xhBRlnhiP0BOGGZXqgGEETU1ym8MM9bLwA==}
    dev: true

  /@unocss/preset-web-fonts@0.57.3:
    resolution: {integrity: sha512-W/voQjgo98oj/D/oGrhL4xAS0XsR6fF9yULu3xf4nWrUkdkZq/64/rOM5uLBgUFSmkulW524Dsjd1INYmPzz8w==}
    dependencies:
      '@unocss/core': 0.57.3
      ofetch: 1.3.3
    dev: true

  /destr@2.0.2:
    resolution: {integrity: sha512-65AlobnZMiCET00KaFFjUefxDX0khFA/E4myqZ7a6Sq1yZtR8+FVIvilVX66vF2uobSumxooYZChiRPCKNqhmg==}
    dev: true

  /node-fetch-native@1.4.1:
    resolution: {integrity: sha512-NsXBU0UgBxo2rQLOeWNZqS3fvflWePMECr8CoSWoSTqCqGbVVsvl9vZu1HfQicYN0g5piV9Gh8RTEvo/uP752w==}
    dev: true

  /ofetch@1.3.3:
    resolution: {integrity: sha512-s1ZCMmQWXy4b5K/TW9i/DtiN8Ku+xCiHcjQ6/J/nDdssirrQNOoB165Zu8EqLMA2lln1JUth9a0aW9Ap2ctrUg==}
    dependencies:
      destr: 2.0.2
      node-fetch-native: 1.4.1
      ufo: 1.3.1
    dev: true

  /ufo@1.3.1:
    resolution: {integrity: sha512-uY/99gMLIOlJPwATcMVYfqDSxUR9//AUcgZMzwfSTJPDKzA1S8mX4VLqa+fiAtveraQUBCz4FFcwVZBGbwBXIw==}
    dev: true
